
Microsoft Visual Studio Solution File, Format Version 12.00
# Visual Studio Version 17
VisualStudioVersion = 17.5.33516.290
MinimumVisualStudioVersion = 10.0.40219.1
Project("{FAE04EC0-301F-11D3-BF4B-00C04F79EFBC}") = "Cabinet Medical", "Cabinet Medical.csproj", "{FFC47C27-4F2E-4A54-BA17-92A709E3B726}"
EndProject
Global
	GlobalSection(SolutionConfigurationPlatforms) = preSolution
		Debug|Any CPU = Debug|Any CPU
		Release|Any CPU = Release|Any CPU
	EndGlobalSection
	GlobalSection(ProjectConfigurationPlatforms) = postSolution
		{FFC47C27-4F2E-4A54-BA17-92A709E3B726}.Debug|Any CPU.ActiveCfg = Debug|Any CPU
		{FFC47C27-4F2E-4A54-BA17-92A709E3B726}.Debug|Any CPU.Build.0 = Debug|Any CPU
		{FFC47C27-4F2E-4A54-BA17-92A709E3B726}.Release|Any CPU.ActiveCfg = Release|Any CPU
		{FFC47C27-4F2E-4A54-BA17-92A709E3B726}.Release|Any CPU.Build.0 = Release|Any CPU
	EndGlobalSection
	GlobalSection(SolutionProperties) = preSolution
		HideSolutionNode = FALSE
	EndGlobalSection
	GlobalSection(ExtensibilityGlobals) = postSolution
		SolutionGuid = {C489CFFB-1420-4CDA-BA80-759DD3016E02}
	EndGlobalSection
EndGlobal
